
Microsoft Visual Studio Solution File, Format Version 12.00
# Visual Studio Version 17
VisualStudioVersion = 17.0.31919.166
MinimumVisualStudioVersion = 10.0.40219.1
Project("{FAE04EC0-301F-11D3-BF4B-00C04F79EFBC}") = "ImageList", "ImageList.csproj", "{2E3FBB86-14C6-42F5-90BB-BF4A05A4F052}"
EndProject
Global
	GlobalSection(SolutionConfigurationPlatforms) = preSolution
		Debug|Any CPU = Debug|Any CPU
		Release|Any CPU = Release|Any CPU
	EndGlobalSection
	GlobalSection(ProjectConfigurationPlatforms) = postSolution
		{2E3FBB86-14C6-42F5-90BB-BF4A05A4F052}.Debug|Any CPU.ActiveCfg = Debug|Any CPU
		{2E3FBB86-14C6-42F5-90BB-BF4A05A4F052}.Debug|Any CPU.Build.0 = Debug|Any CPU
		{2E3FBB86-14C6-42F5-90BB-BF4A05A4F052}.Release|Any CPU.ActiveCfg = Release|Any CPU
		{2E3FBB86-14C6-42F5-90BB-BF4A05A4F052}.Release|Any CPU.Build.0 = Release|Any CPU
	EndGlobalSection
	GlobalSection(SolutionProperties) = preSolution
		HideSolutionNode = FALSE
	EndGlobalSection
	GlobalSection(ExtensibilityGlobals) = postSolution
		SolutionGuid = {065FAC1E-D074-4D12-9E8B-B3BE1BF99C85}
	EndGlobalSection
EndGlobal
